
Microsoft Visual Studio Solution File, Format Version 10.00
# Visual Studio 2008
Project("{8BC9CEB8-8B4A-11D0-8D11-00A0C91BC942}") = "wpRobot(ver2.0)", "wpRobot(ver2.0).vcproj", "{C9697C03-371A-4897-9680-A31D97555AAB}"
EndProject
Global
	GlobalSection(SolutionConfigurationPlatforms) = preSolution
		Debug|Win32 = Debug|Win32
		Release|Win32 = Release|Win32
	EndGlobalSection
	GlobalSection(ProjectConfigurationPlatforms) = postSolution
		{C9697C03-371A-4897-9680-A31D97555AAB}.Debug|Win32.ActiveCfg = Debug|Win32
		{C9697C03-371A-4897-9680-A31D97555AAB}.Debug|Win32.Build.0 = Debug|Win32
		{C9697C03-371A-4897-9680-A31D97555AAB}.Release|Win32.ActiveCfg = Release|Win32
		{C9697C03-371A-4897-9680-A31D97555AAB}.Release|Win32.Build.0 = Release|Win32
	EndGlobalSection
	GlobalSection(SolutionProperties) = preSolution
		HideSolutionNode = FALSE
	EndGlobalSection
EndGlobal
